<?xml version="1.0" encoding="utf-8"?>
<Project ToolsVersion="4.0" xmlns="http://schemas.microsoft.com/developer/msbuild/2003">
  <ItemGroup>
    <Filter Include="Source Files">
      <UniqueIdentifier>{4FC737F1-C7A5-4376-A066-2A32D752A2FF}</UniqueIdentifier>
      <Extensions>cpp;c;cc;cxx;def;odl;idl;hpj;bat;asm;asmx</Extensions>
    </Filter>
    <Filter Include="Header Files">
      <UniqueIdentifier>{93995380-89BD-4b04-88EB-625FBE52EBFB}</UniqueIdentifier>
      <Extensions>h;hh;hpp;hxx;hm;inl;inc;xsd</Extensions>
    </Filter>
    <Filter Include="Resource Files">
      <UniqueIdentifier>{67DA6AB6-F800-4c08-8B7A-83BB121AAD01}</UniqueIdentifier>
      <Extensions>rc;ico;cur;bmp;dlg;rc2;rct;bin;rgs;gif;jpg;jpeg;jpe;resx;tiff;tif;png;wav;mfcribbon-ms</Extensions>
    </Filter>
    <Filter Include="Other resources">
      <UniqueIdentifier>{0b072388-6466-4682-bbca-2da64a0568ca}</UniqueIdentifier>
    </Filter>
  </ItemGroup>
  <ItemGroup>
    <ClCompile Include="Sound.cpp">
      <Filter>Source Files</Filter>
    </ClCompile>
    <ClCompile Include="Sprite.cpp">
      <Filter>Source Files</Filter>
    </ClCompile>
    <ClCompile Include="SpriteDemo.cpp">
      <Filter>Source Files</Filter>
    </ClCompile>
    <ClCompile Include="Physics.cpp">
      <Filter>Source Files</Filter>
    </ClCompile>
    <ClCompile Include="EventDispatcher.cpp">
      <Filter>Source Files</Filter>
    </ClCompile>
    <ClCompile Include="UI.cpp">
      <Filter>Source Files</Filter>
    </ClCompile>
    <ClCompile Include="main.cpp">
      <Filter>Source Files</Filter>
    </ClCompile>
    <ClCompile Include="Entity.cpp">
      <Filter>Source Files</Filter>
    </ClCompile>
    <ClCompile Include="BlockDemo.cpp">
      <Filter>Source Files</Filter>
    </ClCompile>
    <ClCompile Include="Gameloop.cpp">
      <Filter>Source Files</Filter>
    </ClCompile>
    <ClCompile Include="Controls.cpp">
      <Filter>Source Files</Filter>
    </ClCompile>
  </ItemGroup>
  <ItemGroup>
    <ClInclude Include="Sprite.h">
      <Filter>Header Files</Filter>
    </ClInclude>
    <ClInclude Include="Sound.h">
      <Filter>Header Files</Filter>
    </ClInclude>
    <ClInclude Include="Physics.h">
      <Filter>Header Files</Filter>
    </ClInclude>
    <ClInclude Include="EventDispatcher.h">
      <Filter>Header Files</Filter>
    </ClInclude>
    <ClInclude Include="IEventHandler.h">
      <Filter>Header Files</Filter>
    </ClInclude>
    <ClInclude Include="UI.h">
      <Filter>Header Files</Filter>
    </ClInclude>
    <ClInclude Include="Entity.h">
      <Filter>Header Files</Filter>
    </ClInclude>
    <ClInclude Include="Gameloop.h">
      <Filter>Header Files</Filter>
    </ClInclude>
    <ClInclude Include="Controls.h">
      <Filter>Header Files</Filter>
    </ClInclude>
    <ClInclude Include="..\Other resources\include\begin_code.h">
      <Filter>Other resources</Filter>
    </ClInclude>
    <ClInclude Include="..\Other resources\include\cleanup.h">
      <Filter>Other resources</Filter>
    </ClInclude>
    <ClInclude Include="..\Other resources\include\close_code.h">
      <Filter>Other resources</Filter>
    </ClInclude>
    <ClInclude Include="..\Other resources\include\res_path.h">
      <Filter>Other resources</Filter>
    </ClInclude>
    <ClInclude Include="..\Other resources\include\SDL.h">
      <Filter>Other resources</Filter>
    </ClInclude>
    <ClInclude Include="..\Other resources\include\SDL_assert.h">
      <Filter>Other resources</Filter>
    </ClInclude>
    <ClInclude Include="..\Other resources\include\SDL_atomic.h">
      <Filter>Other resources</Filter>
    </ClInclude>
    <ClInclude Include="..\Other resources\include\SDL_audio.h">
      <Filter>Other resources</Filter>
    </ClInclude>
    <ClInclude Include="..\Other resources\include\SDL_bits.h">
      <Filter>Other resources</Filter>
    </ClInclude>
    <ClInclude Include="..\Other resources\include\SDL_blendmode.h">
      <Filter>Other resources</Filter>
    </ClInclude>
    <ClInclude Include="..\Other resources\include\SDL_clipboard.h">
      <Filter>Other resources</Filter>
    </ClInclude>
    <ClInclude Include="..\Other resources\include\SDL_config.h">
      <Filter>Other resources</Filter>
    </ClInclude>
    <ClInclude Include="..\Other resources\include\SDL_config_android.h">
      <Filter>Other resources</Filter>
    </ClInclude>
    <ClInclude Include="..\Other resources\include\SDL_config_iphoneos.h">
      <Filter>Other resources</Filter>
    </ClInclude>
    <ClInclude Include="..\Other resources\include\SDL_config_macosx.h">
      <Filter>Other resources</Filter>
    </ClInclude>
    <ClInclude Include="..\Other resources\include\SDL_config_minimal.h">
      <Filter>Other resources</Filter>
    </ClInclude>
    <ClInclude Include="..\Other resources\include\SDL_config_pandora.h">
      <Filter>Other resources</Filter>
    </ClInclude>
    <ClInclude Include="..\Other resources\include\SDL_config_psp.h">
      <Filter>Other resources</Filter>
    </ClInclude>
    <ClInclude Include="..\Other resources\include\SDL_config_windows.h">
      <Filter>Other resources</Filter>
    </ClInclude>
    <ClInclude Include="..\Other resources\include\SDL_config_winrt.h">
      <Filter>Other resources</Filter>
    </ClInclude>
    <ClInclude Include="..\Other resources\include\SDL_config_wiz.h">
      <Filter>Other resources</Filter>
    </ClInclude>
    <ClInclude Include="..\Other resources\include\SDL_copying.h">
      <Filter>Other resources</Filter>
    </ClInclude>
    <ClInclude Include="..\Other resources\include\SDL_cpuinfo.h">
      <Filter>Other resources</Filter>
    </ClInclude>
    <ClInclude Include="..\Other resources\include\SDL_egl.h">
      <Filter>Other resources</Filter>
    </ClInclude>
    <ClInclude Include="..\Other resources\include\SDL_endian.h">
      <Filter>Other resources</Filter>
    </ClInclude>
    <ClInclude Include="..\Other resources\include\SDL_error.h">
      <Filter>Other resources</Filter>
    </ClInclude>
    <ClInclude Include="..\Other resources\include\SDL_events.h">
      <Filter>Other resources</Filter>
    </ClInclude>
    <ClInclude Include="..\Other resources\include\SDL_filesystem.h">
      <Filter>Other resources</Filter>
    </ClInclude>
    <ClInclude Include="..\Other resources\include\SDL_gamecontroller.h">
      <Filter>Other resources</Filter>
    </ClInclude>
    <ClInclude Include="..\Other resources\include\SDL_gesture.h">
      <Filter>Other resources</Filter>
    </ClInclude>
    <ClInclude Include="..\Other resources\include\SDL_haptic.h">
      <Filter>Other resources</Filter>
    </ClInclude>
    <ClInclude Include="..\Other resources\include\SDL_hints.h">
      <Filter>Other resources</Filter>
    </ClInclude>
    <ClInclude Include="..\Other resources\include\SDL_image.h">
      <Filter>Other resources</Filter>
    </ClInclude>
    <ClInclude Include="..\Other resources\include\SDL_joystick.h">
      <Filter>Other resources</Filter>
    </ClInclude>
    <ClInclude Include="..\Other resources\include\SDL_keyboard.h">
      <Filter>Other resources</Filter>
    </ClInclude>
    <ClInclude Include="..\Other resources\include\SDL_keycode.h">
      <Filter>Other resources</Filter>
    </ClInclude>
    <ClInclude Include="..\Other resources\include\SDL_loadso.h">
      <Filter>Other resources</Filter>
    </ClInclude>
    <ClInclude Include="..\Other resources\include\SDL_log.h">
      <Filter>Other resources</Filter>
    </ClInclude>
    <ClInclude Include="..\Other resources\include\SDL_main.h">
      <Filter>Other resources</Filter>
    </ClInclude>
    <ClInclude Include="..\Other resources\include\SDL_messagebox.h">
      <Filter>Other resources</Filter>
    </ClInclude>
    <ClInclude Include="..\Other resources\include\SDL_mixer.h">
      <Filter>Other resources</Filter>
    </ClInclude>
    <ClInclude Include="..\Other resources\include\SDL_mouse.h">
      <Filter>Other resources</Filter>
    </ClInclude>
    <ClInclude Include="..\Other resources\include\SDL_mutex.h">
      <Filter>Other resources</Filter>
    </ClInclude>
    <ClInclude Include="..\Other resources\include\SDL_name.h">
      <Filter>Other resources</Filter>
    </ClInclude>
    <ClInclude Include="..\Other resources\include\SDL_opengl.h">
      <Filter>Other resources</Filter>
    </ClInclude>
    <ClInclude Include="..\Other resources\include\SDL_opengles.h">
      <Filter>Other resources</Filter>
    </ClInclude>
    <ClInclude Include="..\Other resources\include\SDL_opengles2.h">
      <Filter>Other resources</Filter>
    </ClInclude>
    <ClInclude Include="..\Other resources\include\SDL_pixels.h">
      <Filter>Other resources</Filter>
    </ClInclude>
    <ClInclude Include="..\Other resources\include\SDL_platform.h">
      <Filter>Other resources</Filter>
    </ClInclude>
    <ClInclude Include="..\Other resources\include\SDL_power.h">
      <Filter>Other resources</Filter>
    </ClInclude>
    <ClInclude Include="..\Other resources\include\SDL_quit.h">
      <Filter>Other resources</Filter>
    </ClInclude>
    <ClInclude Include="..\Other resources\include\SDL_rect.h">
      <Filter>Other resources</Filter>
    </ClInclude>
    <ClInclude Include="..\Other resources\include\SDL_render.h">
      <Filter>Other resources</Filter>
    </ClInclude>
    <ClInclude Include="..\Other resources\include\SDL_revision.h">
      <Filter>Other resources</Filter>
    </ClInclude>
    <ClInclude Include="..\Other resources\include\SDL_rwops.h">
      <Filter>Other resources</Filter>
    </ClInclude>
    <ClInclude Include="..\Other resources\include\SDL_scancode.h">
      <Filter>Other resources</Filter>
    </ClInclude>
    <ClInclude Include="..\Other resources\include\SDL_shape.h">
      <Filter>Other resources</Filter>
    </ClInclude>
    <ClInclude Include="..\Other resources\include\SDL_stdinc.h">
      <Filter>Other resources</Filter>
    </ClInclude>
    <ClInclude Include="..\Other resources\include\SDL_surface.h">
      <Filter>Other resources</Filter>
    </ClInclude>
    <ClInclude Include="..\Other resources\include\SDL_system.h">
      <Filter>Other resources</Filter>
    </ClInclude>
    <ClInclude Include="..\Other resources\include\SDL_syswm.h">
      <Filter>Other resources</Filter>
    </ClInclude>
    <ClInclude Include="..\Other resources\include\SDL_test.h">
      <Filter>Other resources</Filter>
    </ClInclude>
    <ClInclude Include="..\Other resources\include\SDL_test_assert.h">
      <Filter>Other resources</Filter>
    </ClInclude>
    <ClInclude Include="..\Other resources\include\SDL_test_common.h">
      <Filter>Other resources</Filter>
    </ClInclude>
    <ClInclude Include="..\Other resources\include\SDL_test_compare.h">
      <Filter>Other resources</Filter>
    </ClInclude>
    <ClInclude Include="..\Other resources\include\SDL_test_crc32.h">
      <Filter>Other resources</Filter>
    </ClInclude>
    <ClInclude Include="..\Other resources\include\SDL_test_font.h">
      <Filter>Other resources</Filter>
    </ClInclude>
    <ClInclude Include="..\Other resources\include\SDL_test_fuzzer.h">
      <Filter>Other resources</Filter>
    </ClInclude>
    <ClInclude Include="..\Other resources\include\SDL_test_harness.h">
      <Filter>Other resources</Filter>
    </ClInclude>
    <ClInclude Include="..\Other resources\include\SDL_test_images.h">
      <Filter>Other resources</Filter>
    </ClInclude>
    <ClInclude Include="..\Other resources\include\SDL_test_log.h">
      <Filter>Other resources</Filter>
    </ClInclude>
    <ClInclude Include="..\Other resources\include\SDL_test_md5.h">
      <Filter>Other resources</Filter>
    </ClInclude>
    <ClInclude Include="..\Other resources\include\SDL_test_random.h">
      <Filter>Other resources</Filter>
    </ClInclude>
    <ClInclude Include="..\Other resources\include\SDL_thread.h">
      <Filter>Other resources</Filter>
    </ClInclude>
    <ClInclude Include="..\Other resources\include\SDL_timer.h">
      <Filter>Other resources</Filter>
    </ClInclude>
    <ClInclude Include="..\Other resources\include\SDL_touch.h">
      <Filter>Other resources</Filter>
    </ClInclude>
    <ClInclude Include="..\Other resources\include\SDL_ttf.h">
      <Filter>Other resources</Filter>
    </ClInclude>
    <ClInclude Include="..\Other resources\include\SDL_types.h">
      <Filter>Other resources</Filter>
    </ClInclude>
    <ClInclude Include="..\Other resources\include\SDL_version.h">
      <Filter>Other resources</Filter>
    </ClInclude>
    <ClInclude Include="..\Other resources\include\SDL_video.h">
      <Filter>Other resources</Filter>
    </ClInclude>
  </ItemGroup>
  <ItemGroup>
    <Media Include="..\..\..\..\Desktop\sound assets\block break.wav">
      <Filter>Resource Files</Filter>
    </Media>
    <Media Include="..\..\..\..\Desktop\sound assets\Theme.wav">
      <Filter>Resource Files</Filter>
    </Media>
    <Media Include="..\..\..\..\Desktop\sound assets\wallBounce.wav">
      <Filter>Resource Files</Filter>
    </Media>
  </ItemGroup>
  <ItemGroup>
    <Image Include="..\..\..\..\Desktop\Art assets\Block - orange.jpg">
      <Filter>Resource Files</Filter>
    </Image>
    <Image Include="..\..\..\..\Desktop\Art assets\Block - pink.jpg">
      <Filter>Resource Files</Filter>
    </Image>
    <Image Include="..\..\..\..\Desktop\Art assets\Block - red.jpg">
      <Filter>Resource Files</Filter>
    </Image>
    <Image Include="..\..\..\..\Desktop\Art assets\Block - white.jpg">
      <Filter>Resource Files</Filter>
    </Image>
    <Image Include="..\..\..\..\Desktop\Art assets\Block - yellow.jpg">
      <Filter>Resource Files</Filter>
    </Image>
    <Image Include="..\..\..\..\Desktop\Art assets\Paddle.png">
      <Filter>Resource Files</Filter>
    </Image>
    <Image Include="..\..\..\..\Desktop\Art assets\background.jpg">
      <Filter>Resource Files</Filter>
    </Image>
    <Image Include="..\..\..\..\Desktop\Art assets\Ball.png">
      <Filter>Resource Files</Filter>
    </Image>
    <Image Include="..\..\..\..\Desktop\Art assets\Block - black.jpg">
      <Filter>Resource Files</Filter>
    </Image>
    <Image Include="..\..\..\..\Desktop\Art assets\Block - blue.jpg">
      <Filter>Resource Files</Filter>
    </Image>
    <Image Include="..\..\..\..\Desktop\Art assets\Block - green.jpg">
      <Filter>Resource Files</Filter>
    </Image>
  </ItemGroup>
  <ItemGroup>
    <Object Include="..\Other resources\SDL\Debug\e_atan2.obj">
      <Filter>Other resources</Filter>
    </Object>
    <Object Include="..\Other resources\SDL\Debug\e_log.obj">
      <Filter>Other resources</Filter>
    </Object>
    <Object Include="..\Other resources\SDL\Debug\e_pow.obj">
      <Filter>Other resources</Filter>
    </Object>
    <Object Include="..\Other resources\SDL\Debug\e_rem_pio2.obj">
      <Filter>Other resources</Filter>
    </Object>
    <Object Include="..\Other resources\SDL\Debug\e_sqrt.obj">
      <Filter>Other resources</Filter>
    </Object>
    <Object Include="..\Other resources\SDL\Debug\k_cos.obj">
      <Filter>Other resources</Filter>
    </Object>
    <Object Include="..\Other resources\SDL\Debug\k_rem_pio2.obj">
      <Filter>Other resources</Filter>
    </Object>
    <Object Include="..\Other resources\SDL\Debug\k_sin.obj">
      <Filter>Other resources</Filter>
    </Object>
    <Object Include="..\Other resources\SDL\Debug\s_atan.obj">
      <Filter>Other resources</Filter>
    </Object>
    <Object Include="..\Other resources\SDL\Debug\s_copysign.obj">
      <Filter>Other resources</Filter>
    </Object>
    <Object Include="..\Other resources\SDL\Debug\s_cos.obj">
      <Filter>Other resources</Filter>
    </Object>
    <Object Include="..\Other resources\SDL\Debug\s_fabs.obj">
      <Filter>Other resources</Filter>
    </Object>
    <Object Include="..\Other resources\SDL\Debug\s_floor.obj">
      <Filter>Other resources</Filter>
    </Object>
    <Object Include="..\Other resources\SDL\Debug\s_scalbn.obj">
      <Filter>Other resources</Filter>
    </Object>
    <Object Include="..\Other resources\SDL\Debug\s_sin.obj">
      <Filter>Other resources</Filter>
    </Object>
    <Object Include="..\Other resources\SDL\Debug\SDL.obj">
      <Filter>Other resources</Filter>
    </Object>
    <Object Include="..\Other resources\SDL\Debug\SDL_assert.obj">
      <Filter>Other resources</Filter>
    </Object>
    <Object Include="..\Other resources\SDL\Debug\SDL_atomic.obj">
      <Filter>Other resources</Filter>
    </Object>
    <Object Include="..\Other resources\SDL\Debug\SDL_audio.obj">
      <Filter>Other resources</Filter>
    </Object>
    <Object Include="..\Other resources\SDL\Debug\SDL_audiocvt.obj">
      <Filter>Other resources</Filter>
    </Object>
    <Object Include="..\Other resources\SDL\Debug\SDL_audiodev.obj">
      <Filter>Other resources</Filter>
    </Object>
    <Object Include="..\Other resources\SDL\Debug\SDL_audiotypecvt.obj">
      <Filter>Other resources</Filter>
    </Object>
    <Object Include="..\Other resources\SDL\Debug\SDL_blendfillrect.obj">
      <Filter>Other resources</Filter>
    </Object>
    <Object Include="..\Other resources\SDL\Debug\SDL_blendline.obj">
      <Filter>Other resources</Filter>
    </Object>
    <Object Include="..\Other resources\SDL\Debug\SDL_blendpoint.obj">
      <Filter>Other resources</Filter>
    </Object>
    <Object Include="..\Other resources\SDL\Debug\SDL_blit.obj">
      <Filter>Other resources</Filter>
    </Object>
    <Object Include="..\Other resources\SDL\Debug\SDL_blit_0.obj">
      <Filter>Other resources</Filter>
    </Object>
    <Object Include="..\Other resources\SDL\Debug\SDL_blit_1.obj">
      <Filter>Other resources</Filter>
    </Object>
    <Object Include="..\Other resources\SDL\Debug\SDL_blit_A.obj">
      <Filter>Other resources</Filter>
    </Object>
    <Object Include="..\Other resources\SDL\Debug\SDL_blit_auto.obj">
      <Filter>Other resources</Filter>
    </Object>
    <Object Include="..\Other resources\SDL\Debug\SDL_blit_copy.obj">
      <Filter>Other resources</Filter>
    </Object>
    <Object Include="..\Other resources\SDL\Debug\SDL_blit_N.obj">
      <Filter>Other resources</Filter>
    </Object>
    <Object Include="..\Other resources\SDL\Debug\SDL_blit_slow.obj">
      <Filter>Other resources</Filter>
    </Object>
    <Object Include="..\Other resources\SDL\Debug\SDL_bmp.obj">
      <Filter>Other resources</Filter>
    </Object>
    <Object Include="..\Other resources\SDL\Debug\SDL_clipboard.obj">
      <Filter>Other resources</Filter>
    </Object>
    <Object Include="..\Other resources\SDL\Debug\SDL_clipboardevents.obj">
      <Filter>Other resources</Filter>
    </Object>
    <Object Include="..\Other resources\SDL\Debug\SDL_cpuinfo.obj">
      <Filter>Other resources</Filter>
    </Object>
    <Object Include="..\Other resources\SDL\Debug\SDL_d3dmath.obj">
      <Filter>Other resources</Filter>
    </Object>
    <Object Include="..\Other resources\SDL\Debug\SDL_directsound.obj">
      <Filter>Other resources</Filter>
    </Object>
    <Object Include="..\Other resources\SDL\Debug\SDL_diskaudio.obj">
      <Filter>Other resources</Filter>
    </Object>
    <Object Include="..\Other resources\SDL\Debug\SDL_drawline.obj">
      <Filter>Other resources</Filter>
    </Object>
    <Object Include="..\Other resources\SDL\Debug\SDL_drawpoint.obj">
      <Filter>Other resources</Filter>
    </Object>
    <Object Include="..\Other resources\SDL\Debug\SDL_dropevents.obj">
      <Filter>Other resources</Filter>
    </Object>
    <Object Include="..\Other resources\SDL\Debug\SDL_dummyaudio.obj">
      <Filter>Other resources</Filter>
    </Object>
    <Object Include="..\Other resources\SDL\Debug\SDL_dxjoystick.obj">
      <Filter>Other resources</Filter>
    </Object>
    <Object Include="..\Other resources\SDL\Debug\SDL_dynapi.obj">
      <Filter>Other resources</Filter>
    </Object>
    <Object Include="..\Other resources\SDL\Debug\SDL_egl.obj">
      <Filter>Other resources</Filter>
    </Object>
    <Object Include="..\Other resources\SDL\Debug\SDL_error.obj">
      <Filter>Other resources</Filter>
    </Object>
    <Object Include="..\Other resources\SDL\Debug\SDL_events.obj">
      <Filter>Other resources</Filter>
    </Object>
    <Object Include="..\Other resources\SDL\Debug\SDL_fillrect.obj">
      <Filter>Other resources</Filter>
    </Object>
    <Object Include="..\Other resources\SDL\Debug\SDL_gamecontroller.obj">
      <Filter>Other resources</Filter>
    </Object>
    <Object Include="..\Other resources\SDL\Debug\SDL_gesture.obj">
      <Filter>Other resources</Filter>
    </Object>
    <Object Include="..\Other resources\SDL\Debug\SDL_getenv.obj">
      <Filter>Other resources</Filter>
    </Object>
    <Object Include="..\Other resources\SDL\Debug\SDL_haptic.obj">
      <Filter>Other resources</Filter>
    </Object>
    <Object Include="..\Other resources\SDL\Debug\SDL_hints.obj">
      <Filter>Other resources</Filter>
    </Object>
    <Object Include="..\Other resources\SDL\Debug\SDL_iconv.obj">
      <Filter>Other resources</Filter>
    </Object>
    <Object Include="..\Other resources\SDL\Debug\SDL_joystick.obj">
      <Filter>Other resources</Filter>
    </Object>
    <Object Include="..\Other resources\SDL\Debug\SDL_keyboard.obj">
      <Filter>Other resources</Filter>
    </Object>
    <Object Include="..\Other resources\SDL\Debug\SDL_log.obj">
      <Filter>Other resources</Filter>
    </Object>
    <Object Include="..\Other resources\SDL\Debug\SDL_malloc.obj">
      <Filter>Other resources</Filter>
    </Object>
    <Object Include="..\Other resources\SDL\Debug\SDL_mixer.obj">
      <Filter>Other resources</Filter>
    </Object>
    <Object Include="..\Other resources\SDL\Debug\SDL_mmjoystick.obj">
      <Filter>Other resources</Filter>
    </Object>
    <Object Include="..\Other resources\SDL\Debug\SDL_mouse.obj">
      <Filter>Other resources</Filter>
    </Object>
    <Object Include="..\Other resources\SDL\Debug\SDL_nullevents.obj">
      <Filter>Other resources</Filter>
    </Object>
    <Object Include="..\Other resources\SDL\Debug\SDL_nullframebuffer.obj">
      <Filter>Other resources</Filter>
    </Object>
    <Object Include="..\Other resources\SDL\Debug\SDL_nullvideo.obj">
      <Filter>Other resources</Filter>
    </Object>
    <Object Include="..\Other resources\SDL\Debug\SDL_pixels.obj">
      <Filter>Other resources</Filter>
    </Object>
    <Object Include="..\Other resources\SDL\Debug\SDL_power.obj">
      <Filter>Other resources</Filter>
    </Object>
    <Object Include="..\Other resources\SDL\Debug\SDL_qsort.obj">
      <Filter>Other resources</Filter>
    </Object>
    <Object Include="..\Other resources\SDL\Debug\SDL_quit.obj">
      <Filter>Other resources</Filter>
    </Object>
    <Object Include="..\Other resources\SDL\Debug\SDL_rect.obj">
      <Filter>Other resources</Filter>
    </Object>
    <Object Include="..\Other resources\SDL\Debug\SDL_render.obj">
      <Filter>Other resources</Filter>
    </Object>
    <Object Include="..\Other resources\SDL\Debug\SDL_render_d3d.obj">
      <Filter>Other resources</Filter>
    </Object>
    <Object Include="..\Other resources\SDL\Debug\SDL_render_d3d11.obj">
      <Filter>Other resources</Filter>
    </Object>
    <Object Include="..\Other resources\SDL\Debug\SDL_render_gl.obj">
      <Filter>Other resources</Filter>
    </Object>
    <Object Include="..\Other resources\SDL\Debug\SDL_render_gles2.obj">
      <Filter>Other resources</Filter>
    </Object>
    <Object Include="..\Other resources\SDL\Debug\SDL_render_sw.obj">
      <Filter>Other resources</Filter>
    </Object>
    <Object Include="..\Other resources\SDL\Debug\SDL_RLEaccel.obj">
      <Filter>Other resources</Filter>
    </Object>
    <Object Include="..\Other resources\SDL\Debug\SDL_rotate.obj">
      <Filter>Other resources</Filter>
    </Object>
    <Object Include="..\Other resources\SDL\Debug\SDL_rwops.obj">
      <Filter>Other resources</Filter>
    </Object>
    <Object Include="..\Other resources\SDL\Debug\SDL_shaders_gl.obj">
      <Filter>Other resources</Filter>
    </Object>
    <Object Include="..\Other resources\SDL\Debug\SDL_shaders_gles2.obj">
      <Filter>Other resources</Filter>
    </Object>
    <Object Include="..\Other resources\SDL\Debug\SDL_shape.obj">
      <Filter>Other resources</Filter>
    </Object>
    <Object Include="..\Other resources\SDL\Debug\SDL_spinlock.obj">
      <Filter>Other resources</Filter>
    </Object>
    <Object Include="..\Other resources\SDL\Debug\SDL_stdlib.obj">
      <Filter>Other resources</Filter>
    </Object>
    <Object Include="..\Other resources\SDL\Debug\SDL_stretch.obj">
      <Filter>Other resources</Filter>
    </Object>
    <Object Include="..\Other resources\SDL\Debug\SDL_string.obj">
      <Filter>Other resources</Filter>
    </Object>
    <Object Include="..\Other resources\SDL\Debug\SDL_surface.obj">
      <Filter>Other resources</Filter>
    </Object>
    <Object Include="..\Other resources\SDL\Debug\SDL_syscond.obj">
      <Filter>Other resources</Filter>
    </Object>
    <Object Include="..\Other resources\SDL\Debug\SDL_sysfilesystem.obj">
      <Filter>Other resources</Filter>
    </Object>
    <Object Include="..\Other resources\SDL\Debug\SDL_syshaptic.obj">
      <Filter>Other resources</Filter>
    </Object>
    <Object Include="..\Other resources\SDL\Debug\SDL_sysloadso.obj">
      <Filter>Other resources</Filter>
    </Object>
    <Object Include="..\Other resources\SDL\Debug\SDL_sysmutex.obj">
      <Filter>Other resources</Filter>
    </Object>
    <Object Include="..\Other resources\SDL\Debug\SDL_syspower.obj">
      <Filter>Other resources</Filter>
    </Object>
    <Object Include="..\Other resources\SDL\Debug\SDL_syssem.obj">
      <Filter>Other resources</Filter>
    </Object>
    <Object Include="..\Other resources\SDL\Debug\SDL_systhread.obj">
      <Filter>Other resources</Filter>
    </Object>
    <Object Include="..\Other resources\SDL\Debug\SDL_systimer.obj">
      <Filter>Other resources</Filter>
    </Object>
    <Object Include="..\Other resources\SDL\Debug\SDL_systls.obj">
      <Filter>Other resources</Filter>
    </Object>
    <Object Include="..\Other resources\SDL\Debug\SDL_thread.obj">
      <Filter>Other resources</Filter>
    </Object>
    <Object Include="..\Other resources\SDL\Debug\SDL_timer.obj">
      <Filter>Other resources</Filter>
    </Object>
    <Object Include="..\Other resources\SDL\Debug\SDL_touch.obj">
      <Filter>Other resources</Filter>
    </Object>
    <Object Include="..\Other resources\SDL\Debug\SDL_video.obj">
      <Filter>Other resources</Filter>
    </Object>
    <Object Include="..\Other resources\SDL\Debug\SDL_wave.obj">
      <Filter>Other resources</Filter>
    </Object>
    <Object Include="..\Other resources\SDL\Debug\SDL_windowevents.obj">
      <Filter>Other resources</Filter>
    </Object>
    <Object Include="..\Other resources\SDL\Debug\SDL_windows.obj">
      <Filter>Other resources</Filter>
    </Object>
    <Object Include="..\Other resources\SDL\Debug\SDL_windowsclipboard.obj">
      <Filter>Other resources</Filter>
    </Object>
    <Object Include="..\Other resources\SDL\Debug\SDL_windowsevents.obj">
      <Filter>Other resources</Filter>
    </Object>
    <Object Include="..\Other resources\SDL\Debug\SDL_windowsframebuffer.obj">
      <Filter>Other resources</Filter>
    </Object>
    <Object Include="..\Other resources\SDL\Debug\SDL_windowskeyboard.obj">
      <Filter>Other resources</Filter>
    </Object>
    <Object Include="..\Other resources\SDL\Debug\SDL_windowsmessagebox.obj">
      <Filter>Other resources</Filter>
    </Object>
    <Object Include="..\Other resources\SDL\Debug\SDL_windowsmodes.obj">
      <Filter>Other resources</Filter>
    </Object>
    <Object Include="..\Other resources\SDL\Debug\SDL_windowsmouse.obj">
      <Filter>Other resources</Filter>
    </Object>
    <Object Include="..\Other resources\SDL\Debug\SDL_windowsopengl.obj">
      <Filter>Other resources</Filter>
    </Object>
    <Object Include="..\Other resources\SDL\Debug\SDL_windowsopengles.obj">
      <Filter>Other resources</Filter>
    </Object>
    <Object Include="..\Other resources\SDL\Debug\SDL_windowsshape.obj">
      <Filter>Other resources</Filter>
    </Object>
    <Object Include="..\Other resources\SDL\Debug\SDL_windowsvideo.obj">
      <Filter>Other resources</Filter>
    </Object>
    <Object Include="..\Other resources\SDL\Debug\SDL_windowswindow.obj">
      <Filter>Other resources</Filter>
    </Object>
    <Object Include="..\Other resources\SDL\Debug\SDL_winmm.obj">
      <Filter>Other resources</Filter>
    </Object>
    <Object Include="..\Other resources\SDL\Debug\SDL_xaudio2.obj">
      <Filter>Other resources</Filter>
    </Object>
    <Object Include="..\Other resources\SDL\Debug\SDL_yuv_mmx.obj">
      <Filter>Other resources</Filter>
    </Object>
    <Object Include="..\Other resources\SDL\Debug\SDL_yuv_sw.obj">
      <Filter>Other resources</Filter>
    </Object>
  </ItemGroup>
  <ItemGroup>
    <None Include="..\Other resources\SDL\Debug\libFLAC-8.dll">
      <Filter>Other resources</Filter>
    </None>
    <None Include="..\Other resources\SDL\Debug\libfreetype-6.dll">
      <Filter>Other resources</Filter>
    </None>
    <None Include="..\Other resources\SDL\Debug\libjpeg-9.dll">
      <Filter>Other resources</Filter>
    </None>
    <None Include="..\Other resources\SDL\Debug\libmikmod-2.dll">
      <Filter>Other resources</Filter>
    </None>
    <None Include="..\Other resources\SDL\Debug\libmodplug-1.dll">
      <Filter>Other resources</Filter>
    </None>
    <None Include="..\Other resources\SDL\Debug\libogg-0.dll">
      <Filter>Other resources</Filter>
    </None>
    <None Include="..\Other resources\SDL\Debug\libpng16-16.dll">
      <Filter>Other resources</Filter>
    </None>
    <None Include="..\Other resources\SDL\Debug\libtiff-5.dll">
      <Filter>Other resources</Filter>
    </None>
    <None Include="..\Other resources\SDL\Debug\libvorbis-0.dll">
      <Filter>Other resources</Filter>
    </None>
    <None Include="..\Other resources\SDL\Debug\libvorbisfile-3.dll">
      <Filter>Other resources</Filter>
    </None>
    <None Include="..\Other resources\SDL\Debug\libwebp-4.dll">
      <Filter>Other resources</Filter>
    </None>
    <None Include="..\Other resources\SDL\Debug\SDL2.dll">
      <Filter>Other resources</Filter>
    </None>
    <None Include="..\Other resources\SDL\Debug\SDL2.exp">
      <Filter>Other resources</Filter>
    </None>
    <None Include="..\Other resources\SDL\Debug\SDL2.ilk">
      <Filter>Other resources</Filter>
    </None>
    <None Include="..\Other resources\SDL\Debug\SDL2.pdb">
      <Filter>Other resources</Filter>
    </None>
    <None Include="..\Other resources\SDL\Debug\SDL2_image.dll">
      <Filter>Other resources</Filter>
    </None>
    <None Include="..\Other resources\SDL\Debug\SDL2_mixer.dll">
      <Filter>Other resources</Filter>
    </None>
    <None Include="..\Other resources\SDL\Debug\SDL2_ttf.dll">
      <Filter>Other resources</Filter>
    </None>
    <None Include="..\Other resources\SDL\Debug\smpeg2.dll">
      <Filter>Other resources</Filter>
    </None>
    <None Include="..\Other resources\SDL\Debug\vc120.idb">
      <Filter>Other resources</Filter>
    </None>
    <None Include="..\Other resources\SDL\Debug\vc120.pdb">
      <Filter>Other resources</Filter>
    </None>
    <None Include="..\Other resources\SDL\Debug\zlib1.dll">
      <Filter>Other resources</Filter>
    </None>
    <None Include="..\Other resources\include\doxyfile">
      <Filter>Other resources</Filter>
    </None>
    <None Include="..\Other resources\include\SDL_config.h.cmake">
      <Filter>Other resources</Filter>
    </None>
    <None Include="..\Other resources\include\SDL_config.h.in">
      <Filter>Other resources</Filter>
    </None>
  </ItemGroup>
  <ItemGroup>
    <Text Include="..\Other resources\SDL\Debug\LICENSE.jpeg.txt">
      <Filter>Other resources</Filter>
    </Text>
    <Text Include="..\Other resources\SDL\Debug\LICENSE.png.txt">
      <Filter>Other resources</Filter>
    </Text>
    <Text Include="..\Other resources\SDL\Debug\LICENSE.tiff.txt">
      <Filter>Other resources</Filter>
    </Text>
    <Text Include="..\Other resources\SDL\Debug\LICENSE.webp.txt">
      <Filter>Other resources</Filter>
    </Text>
    <Text Include="..\Other resources\SDL\Debug\LICENSE.zlib.txt">
      <Filter>Other resources</Filter>
    </Text>
    <Text Include="..\Other resources\SDL\Debug\SDL_VS2013.log">
      <Filter>Other resources</Filter>
    </Text>
  </ItemGroup>
  <ItemGroup>
    <Library Include="..\Other resources\SDL\Debug\SDL2.lib">
      <Filter>Other resources</Filter>
    </Library>
    <Library Include="..\Other resources\SDL\Debug\SDL2_image.lib">
      <Filter>Other resources</Filter>
    </Library>
    <Library Include="..\Other resources\SDL\Debug\SDL2_mixer.lib">
      <Filter>Other resources</Filter>
    </Library>
    <Library Include="..\Other resources\SDL\Debug\SDL2_ttf.lib">
      <Filter>Other resources</Filter>
    </Library>
    <Library Include="..\Other resources\SDLmain\Debug\SDL2main.lib">
      <Filter>Other resources</Filter>
    </Library>
  </ItemGroup>
  <ItemGroup>
    <Resource Include="..\Other resources\SDL\Debug\version.res">
      <Filter>Other resources</Filter>
    </Resource>
  </ItemGroup>
</Project>